
Microsoft Visual Studio Solution File, Format Version 12.00
# Visual Studio Version 17
VisualStudioVersion = 17.14.36603.0 d17.14
MinimumVisualStudioVersion = 10.0.40219.1
Project("{FAE04EC0-301F-11D3-BF4B-00C04F79EFBC}") = "Laboratorio 13-2", "Laboratorio 13-2\Laboratorio 13-2.csproj", "{3D7829FA-BF01-4A3E-8FCB-D9B8F8B69BAC}"
EndProject
Global
	GlobalSection(SolutionConfigurationPlatforms) = preSolution
		Debug|Any CPU = Debug|Any CPU
		Release|Any CPU = Release|Any CPU
	EndGlobalSection
	GlobalSection(ProjectConfigurationPlatforms) = postSolution
		{3D7829FA-BF01-4A3E-8FCB-D9B8F8B69BAC}.Debug|Any CPU.ActiveCfg = Debug|Any CPU
		{3D7829FA-BF01-4A3E-8FCB-D9B8F8B69BAC}.Debug|Any CPU.Build.0 = Debug|Any CPU
		{3D7829FA-BF01-4A3E-8FCB-D9B8F8B69BAC}.Release|Any CPU.ActiveCfg = Release|Any CPU
		{3D7829FA-BF01-4A3E-8FCB-D9B8F8B69BAC}.Release|Any CPU.Build.0 = Release|Any CPU
	EndGlobalSection
	GlobalSection(SolutionProperties) = preSolution
		HideSolutionNode = FALSE
	EndGlobalSection
	GlobalSection(ExtensibilityGlobals) = postSolution
		SolutionGuid = {94AA4595-BEE4-4831-8B10-EC3D9A47836E}
	EndGlobalSection
EndGlobal
