
Microsoft Visual Studio Solution File, Format Version 12.00
# Visual Studio Version 17
VisualStudioVersion = 17.14.36414.22 d17.14
MinimumVisualStudioVersion = 10.0.40219.1
Project("{FAE04EC0-301F-11D3-BF4B-00C04F79EFBC}") = "Laboratorio5-5", "Laboratorio5-5\Laboratorio5-5.csproj", "{BE08F081-0D67-436F-A2BA-1C0016FEF3EE}"
EndProject
Global
	GlobalSection(SolutionConfigurationPlatforms) = preSolution
		Debug|Any CPU = Debug|Any CPU
		Release|Any CPU = Release|Any CPU
	EndGlobalSection
	GlobalSection(ProjectConfigurationPlatforms) = postSolution
		{BE08F081-0D67-436F-A2BA-1C0016FEF3EE}.Debug|Any CPU.ActiveCfg = Debug|Any CPU
		{BE08F081-0D67-436F-A2BA-1C0016FEF3EE}.Debug|Any CPU.Build.0 = Debug|Any CPU
		{BE08F081-0D67-436F-A2BA-1C0016FEF3EE}.Release|Any CPU.ActiveCfg = Release|Any CPU
		{BE08F081-0D67-436F-A2BA-1C0016FEF3EE}.Release|Any CPU.Build.0 = Release|Any CPU
	EndGlobalSection
	GlobalSection(SolutionProperties) = preSolution
		HideSolutionNode = FALSE
	EndGlobalSection
	GlobalSection(ExtensibilityGlobals) = postSolution
		SolutionGuid = {B2FA9437-2C23-4DF0-BDF0-41681794C876}
	EndGlobalSection
EndGlobal
