
Microsoft Visual Studio Solution File, Format Version 12.00
# Visual Studio Version 17
VisualStudioVersion = 17.14.36414.22 d17.14
MinimumVisualStudioVersion = 10.0.40219.1
Project("{FAE04EC0-301F-11D3-BF4B-00C04F79EFBC}") = "Laboratorio4-7", "Laboratorio4-7\Laboratorio4-7.csproj", "{EA44F402-C0FB-4F22-A830-38E8C46A5799}"
EndProject
Global
	GlobalSection(SolutionConfigurationPlatforms) = preSolution
		Debug|Any CPU = Debug|Any CPU
		Release|Any CPU = Release|Any CPU
	EndGlobalSection
	GlobalSection(ProjectConfigurationPlatforms) = postSolution
		{EA44F402-C0FB-4F22-A830-38E8C46A5799}.Debug|Any CPU.ActiveCfg = Debug|Any CPU
		{EA44F402-C0FB-4F22-A830-38E8C46A5799}.Debug|Any CPU.Build.0 = Debug|Any CPU
		{EA44F402-C0FB-4F22-A830-38E8C46A5799}.Release|Any CPU.ActiveCfg = Release|Any CPU
		{EA44F402-C0FB-4F22-A830-38E8C46A5799}.Release|Any CPU.Build.0 = Release|Any CPU
	EndGlobalSection
	GlobalSection(SolutionProperties) = preSolution
		HideSolutionNode = FALSE
	EndGlobalSection
	GlobalSection(ExtensibilityGlobals) = postSolution
		SolutionGuid = {3EB04E25-C8AD-4660-9F0B-9C616C7B2941}
	EndGlobalSection
EndGlobal
