
Microsoft Visual Studio Solution File, Format Version 12.00
# Visual Studio Version 17
VisualStudioVersion = 17.14.36414.22
MinimumVisualStudioVersion = 10.0.40219.1
Project("{FAE04EC0-301F-11D3-BF4B-00C04F79EFBC}") = "Laboratorio 2", "Laboratorio 2\Laboratorio 2.csproj", "{60932048-8033-4EBD-9F37-5166B7DDCDF8}"
EndProject
Project("{FAE04EC0-301F-11D3-BF4B-00C04F79EFBC}") = "Laboratorio21", "Laboratorio21\Laboratorio21.csproj", "{C3BE0743-1664-4451-B1F1-5A1C8AE27F67}"
EndProject
Global
	GlobalSection(SolutionConfigurationPlatforms) = preSolution
		Debug|Any CPU = Debug|Any CPU
		Release|Any CPU = Release|Any CPU
	EndGlobalSection
	GlobalSection(ProjectConfigurationPlatforms) = postSolution
		{60932048-8033-4EBD-9F37-5166B7DDCDF8}.Debug|Any CPU.ActiveCfg = Debug|Any CPU
		{60932048-8033-4EBD-9F37-5166B7DDCDF8}.Debug|Any CPU.Build.0 = Debug|Any CPU
		{60932048-8033-4EBD-9F37-5166B7DDCDF8}.Release|Any CPU.ActiveCfg = Release|Any CPU
		{60932048-8033-4EBD-9F37-5166B7DDCDF8}.Release|Any CPU.Build.0 = Release|Any CPU
		{C3BE0743-1664-4451-B1F1-5A1C8AE27F67}.Debug|Any CPU.ActiveCfg = Debug|Any CPU
		{C3BE0743-1664-4451-B1F1-5A1C8AE27F67}.Debug|Any CPU.Build.0 = Debug|Any CPU
		{C3BE0743-1664-4451-B1F1-5A1C8AE27F67}.Release|Any CPU.ActiveCfg = Release|Any CPU
		{C3BE0743-1664-4451-B1F1-5A1C8AE27F67}.Release|Any CPU.Build.0 = Release|Any CPU
	EndGlobalSection
	GlobalSection(SolutionProperties) = preSolution
		HideSolutionNode = FALSE
	EndGlobalSection
	GlobalSection(ExtensibilityGlobals) = postSolution
		SolutionGuid = {9EB11CD0-5D3A-4C7E-B9A9-32BF88184FEC}
	EndGlobalSection
EndGlobal
