
Microsoft Visual Studio Solution File, Format Version 12.00
# Visual Studio Version 17
VisualStudioVersion = 17.14.36414.22
MinimumVisualStudioVersion = 10.0.40219.1
Project("{FAE04EC0-301F-11D3-BF4B-00C04F79EFBC}") = "Laboratorio 3", "Laboratorio 3\Laboratorio 3.csproj", "{9E05E675-15D2-4712-BAF6-D53ECD7580CA}"
EndProject
Project("{FAE04EC0-301F-11D3-BF4B-00C04F79EFBC}") = "Ejercicio1", "Ejercicio1\Ejercicio1.csproj", "{07AC4A8F-0BF4-4966-B74E-E48E108B46A1}"
EndProject
Project("{FAE04EC0-301F-11D3-BF4B-00C04F79EFBC}") = "Ejercicio2", "Ejercicio2\Ejercicio2.csproj", "{38FEF4E0-89A8-49DC-BF7F-8430D4583318}"
EndProject
Project("{FAE04EC0-301F-11D3-BF4B-00C04F79EFBC}") = "Ejercicio3", "Ejercicio3\Ejercicio3.csproj", "{154E145D-79D1-4CF3-ABFF-18B8388799D0}"
EndProject
Global
	GlobalSection(SolutionConfigurationPlatforms) = preSolution
		Debug|Any CPU = Debug|Any CPU
		Release|Any CPU = Release|Any CPU
	EndGlobalSection
	GlobalSection(ProjectConfigurationPlatforms) = postSolution
		{9E05E675-15D2-4712-BAF6-D53ECD7580CA}.Debug|Any CPU.ActiveCfg = Debug|Any CPU
		{9E05E675-15D2-4712-BAF6-D53ECD7580CA}.Debug|Any CPU.Build.0 = Debug|Any CPU
		{9E05E675-15D2-4712-BAF6-D53ECD7580CA}.Release|Any CPU.ActiveCfg = Release|Any CPU
		{9E05E675-15D2-4712-BAF6-D53ECD7580CA}.Release|Any CPU.Build.0 = Release|Any CPU
		{07AC4A8F-0BF4-4966-B74E-E48E108B46A1}.Debug|Any CPU.ActiveCfg = Debug|Any CPU
		{07AC4A8F-0BF4-4966-B74E-E48E108B46A1}.Debug|Any CPU.Build.0 = Debug|Any CPU
		{07AC4A8F-0BF4-4966-B74E-E48E108B46A1}.Release|Any CPU.ActiveCfg = Release|Any CPU
		{07AC4A8F-0BF4-4966-B74E-E48E108B46A1}.Release|Any CPU.Build.0 = Release|Any CPU
		{38FEF4E0-89A8-49DC-BF7F-8430D4583318}.Debug|Any CPU.ActiveCfg = Debug|Any CPU
		{38FEF4E0-89A8-49DC-BF7F-8430D4583318}.Debug|Any CPU.Build.0 = Debug|Any CPU
		{38FEF4E0-89A8-49DC-BF7F-8430D4583318}.Release|Any CPU.ActiveCfg = Release|Any CPU
		{38FEF4E0-89A8-49DC-BF7F-8430D4583318}.Release|Any CPU.Build.0 = Release|Any CPU
		{154E145D-79D1-4CF3-ABFF-18B8388799D0}.Debug|Any CPU.ActiveCfg = Debug|Any CPU
		{154E145D-79D1-4CF3-ABFF-18B8388799D0}.Debug|Any CPU.Build.0 = Debug|Any CPU
		{154E145D-79D1-4CF3-ABFF-18B8388799D0}.Release|Any CPU.ActiveCfg = Release|Any CPU
		{154E145D-79D1-4CF3-ABFF-18B8388799D0}.Release|Any CPU.Build.0 = Release|Any CPU
	EndGlobalSection
	GlobalSection(SolutionProperties) = preSolution
		HideSolutionNode = FALSE
	EndGlobalSection
	GlobalSection(ExtensibilityGlobals) = postSolution
		SolutionGuid = {40118815-59ED-4BFB-8562-70AB4FD3152D}
	EndGlobalSection
EndGlobal
