
Microsoft Visual Studio Solution File, Format Version 12.00
# Visual Studio Version 17
VisualStudioVersion = 17.14.36623.8
MinimumVisualStudioVersion = 10.0.40219.1
Project("{FAE04EC0-301F-11D3-BF4B-00C04F79EFBC}") = "Laboratorio 20-1", "Laboratorio 20-1\Laboratorio 20-1.csproj", "{F54AE721-B78F-48D0-A27D-86230704FA4A}"
EndProject
Project("{FAE04EC0-301F-11D3-BF4B-00C04F79EFBC}") = "Laboratorio 20-2", "Laboratorio 20-2\Laboratorio 20-2.csproj", "{21C78F05-F104-46B0-9EC8-DCB59798EEB6}"
EndProject
Project("{FAE04EC0-301F-11D3-BF4B-00C04F79EFBC}") = "Laboratorio 20-3", "Laboratorio 20-3\Laboratorio 20-3.csproj", "{4248AC6E-6B4E-4189-BEFA-B72E474B92E9}"
EndProject
Global
	GlobalSection(SolutionConfigurationPlatforms) = preSolution
		Debug|Any CPU = Debug|Any CPU
		Release|Any CPU = Release|Any CPU
	EndGlobalSection
	GlobalSection(ProjectConfigurationPlatforms) = postSolution
		{F54AE721-B78F-48D0-A27D-86230704FA4A}.Debug|Any CPU.ActiveCfg = Debug|Any CPU
		{F54AE721-B78F-48D0-A27D-86230704FA4A}.Debug|Any CPU.Build.0 = Debug|Any CPU
		{F54AE721-B78F-48D0-A27D-86230704FA4A}.Release|Any CPU.ActiveCfg = Release|Any CPU
		{F54AE721-B78F-48D0-A27D-86230704FA4A}.Release|Any CPU.Build.0 = Release|Any CPU
		{21C78F05-F104-46B0-9EC8-DCB59798EEB6}.Debug|Any CPU.ActiveCfg = Debug|Any CPU
		{21C78F05-F104-46B0-9EC8-DCB59798EEB6}.Debug|Any CPU.Build.0 = Debug|Any CPU
		{21C78F05-F104-46B0-9EC8-DCB59798EEB6}.Release|Any CPU.ActiveCfg = Release|Any CPU
		{21C78F05-F104-46B0-9EC8-DCB59798EEB6}.Release|Any CPU.Build.0 = Release|Any CPU
		{4248AC6E-6B4E-4189-BEFA-B72E474B92E9}.Debug|Any CPU.ActiveCfg = Debug|Any CPU
		{4248AC6E-6B4E-4189-BEFA-B72E474B92E9}.Debug|Any CPU.Build.0 = Debug|Any CPU
		{4248AC6E-6B4E-4189-BEFA-B72E474B92E9}.Release|Any CPU.ActiveCfg = Release|Any CPU
		{4248AC6E-6B4E-4189-BEFA-B72E474B92E9}.Release|Any CPU.Build.0 = Release|Any CPU
	EndGlobalSection
	GlobalSection(SolutionProperties) = preSolution
		HideSolutionNode = FALSE
	EndGlobalSection
	GlobalSection(ExtensibilityGlobals) = postSolution
		SolutionGuid = {330730A0-06CC-496D-A2FA-AFDB52B8EAB2}
	EndGlobalSection
EndGlobal
